# This file was autogenerated by uv via the following command:
#    uv pip compile pyproject.toml --all-extras --python-version 3.11 --output-file requirements.lock
aiosqlite==0.22.1
    # via langgraph-checkpoint-sqlite
annotated-doc==0.0.4
    # via fastapi
annotated-types==0.7.0
    # via pydantic
anyio==4.12.0
    # via
    #   httpx
    #   langsmith
    #   openai
    #   starlette
certifi==2025.11.12
    # via
    #   httpcore
    #   httpx
    #   requests
charset-normalizer==3.4.9
    # via requests
click==8.3.1
    # via uvicorn
distro==1.9.0
    # via
    #   langsmith
    #   openai
exchange-calendars==4.13.2
    # via tradinglab-agents (pyproject.toml)
fastapi==0.127.0
    # via tradinglab-agents (pyproject.toml)
h11==0.16.0
    # via
    #   httpcore
    #   uvicorn
httpcore==1.0.9
    # via httpx
httpx==0.28.1
    # via
    #   tradinglab-agents (pyproject.toml)
    #   langgraph-sdk
    #   langsmith
    #   openai
idna==3.11
    # via
    #   anyio
    #   httpx
    #   requests
iniconfig==2.3.0
    # via pytest
jiter==0.12.0
    # via openai
jsonpatch==1.33
    # via langchain-core
jsonpointer==3.1.1
    # via jsonpatch
korean-lunar-calendar==0.4.0
    # via exchange-calendars
langchain==1.3.13
    # via tradinglab-agents (pyproject.toml)
langchain-core==1.4.9
    # via
    #   langchain
    #   langgraph
    #   langgraph-checkpoint
    #   langgraph-prebuilt
    #   langgraph-sdk
langchain-protocol==0.0.18
    # via
    #   langchain-core
    #   langgraph-sdk
langgraph==1.2.9
    # via
    #   tradinglab-agents (pyproject.toml)
    #   langchain
langgraph-checkpoint==4.1.1
    # via
    #   langgraph
    #   langgraph-checkpoint-sqlite
    #   langgraph-prebuilt
langgraph-checkpoint-sqlite==3.1.0
    # via tradinglab-agents (pyproject.toml)
langgraph-prebuilt==1.1.0
    # via langgraph
langgraph-sdk==0.4.2
    # via langgraph
langsmith==0.10.2
    # via langchain-core
numpy==2.4.6
    # via
    #   exchange-calendars
    #   pandas
openai==1.109.1
    # via tradinglab-agents (pyproject.toml)
orjson==3.11.9
    # via
    #   langgraph-sdk
    #   langsmith
ormsgpack==1.12.2
    # via langgraph-checkpoint
packaging==24.2
    # via
    #   langchain-core
    #   langsmith
    #   pytest
pandas==3.0.3
    # via exchange-calendars
pluggy==1.6.0
    # via pytest
pydantic==2.12.5
    # via
    #   tradinglab-agents (pyproject.toml)
    #   fastapi
    #   langchain
    #   langchain-core
    #   langgraph
    #   langsmith
    #   openai
pydantic-core==2.41.5
    # via pydantic
pyluach==2.3.0
    # via exchange-calendars
pytest==8.3.5
    # via tradinglab-agents (pyproject.toml)
python-dateutil==2.9.0.post0
    # via pandas
pyyaml==6.0.3
    # via
    #   tradinglab-agents (pyproject.toml)
    #   langchain-core
requests==2.34.2
    # via
    #   langsmith
    #   requests-toolbelt
requests-toolbelt==1.0.0
    # via langsmith
ruff==0.15.20
    # via tradinglab-agents (pyproject.toml)
six==1.17.0
    # via python-dateutil
sniffio==1.3.1
    # via
    #   langsmith
    #   openai
sqlite-vec==0.1.9
    # via langgraph-checkpoint-sqlite
starlette==0.50.0
    # via fastapi
tenacity==9.1.4
    # via langchain-core
toolz==1.1.0
    # via exchange-calendars
tqdm==4.67.1
    # via openai
typing-extensions==4.15.0
    # via
    #   anyio
    #   fastapi
    #   langchain-core
    #   langchain-protocol
    #   langsmith
    #   openai
    #   pydantic
    #   pydantic-core
    #   starlette
    #   typing-inspection
typing-inspection==0.4.2
    # via pydantic
tzdata==2026.3
    # via exchange-calendars
urllib3==2.7.0
    # via requests
uuid-utils==0.17.0
    # via
    #   langchain-core
    #   langsmith
uvicorn==0.40.0
    # via tradinglab-agents (pyproject.toml)
websockets==15.0.1
    # via
    #   langgraph-sdk
    #   langsmith
xxhash==3.8.1
    # via
    #   langgraph
    #   langsmith
zstandard==0.25.0
    # via langsmith
